// !$*UTF8*$!
{
	archiveVersion = 1;
	classes = {
	};
	objectVersion = 56;
	objects = {

/* Begin PBXBuildFile section */
		7CF450952C56568C00FEE9AA /* weatherAppApp.swift in Sources */ = {isa = PBXBuildFile; fileRef = 7CF450942C56568C00FEE9AA /* weatherAppApp.swift */; };
		7CF450972C56568C00FEE9AA /* ContentView.swift in Sources */ = {isa = PBXBuildFile; fileRef = 7CF450962C56568C00FEE9AA /* ContentView.swift */; };
		7CF450992C56568F00FEE9AA /* Assets.xcassets in Resources */ = {isa = PBXBuildFile; fileRef = 7CF450982C56568F00FEE9AA /* Assets.xcassets */; };
		7CF4509C2C56568F00FEE9AA /* Preview Assets.xcassets in Resources */ = {isa = PBXBuildFile; fileRef = 7CF4509B2C56568F00FEE9AA /* Preview Assets.xcassets */; };
		7CF450A42C57058300FEE9AA /* Location.swift in Sources */ = {isa = PBXBuildFile; fileRef = 7CF450A32C57058300FEE9AA /* Location.swift */; };
		7CF450A62C5706B100FEE9AA /* Weather.swift in Sources */ = {isa = PBXBuildFile; fileRef = 7CF450A52C5706B100FEE9AA /* Weather.swift */; };
		7CF450A92C57088300FEE9AA /* ApiEndpoint.swift in Sources */ = {isa = PBXBuildFile; fileRef = 7CF450A82C57088300FEE9AA /* ApiEndpoint.swift */; };
		7CF450B52C570F5200FEE9AA /* Constants.swift in Sources */ = {isa = PBXBuildFile; fileRef = 7CF450B42C570F5200FEE9AA /* Constants.swift */; };
		7CF450B72C573D3E00FEE9AA /* GeocodingCilent.swift in Sources */ = {isa = PBXBuildFile; fileRef = 7CF450B62C573D3E00FEE9AA /* GeocodingCilent.swift */; };
		7CF450B92C5753D900FEE9AA /* WeatherClient.swift in Sources */ = {isa = PBXBuildFile; fileRef = 7CF450B82C5753D900FEE9AA /* WeatherClient.swift */; };
		7CF450BC2C58720100FEE9AA /* MeasurementFormatter+Extentions.swift in Sources */ = {isa = PBXBuildFile; fileRef = 7CF450BB2C58720100FEE9AA /* MeasurementFormatter+Extentions.swift */; };
/* End PBXBuildFile section */

/* Begin PBXFileReference section */
		7CF450912C56568C00FEE9AA /* weatherApp.app */ = {isa = PBXFileReference; explicitFileType = wrapper.application; includeInIndex = 0; path = weatherApp.app; sourceTree = BUILT_PRODUCTS_DIR; };
		7CF450942C56568C00FEE9AA /* weatherAppApp.swift */ = {isa = PBXFileReference; lastKnownFileType = sourcecode.swift; path = weatherAppApp.swift; sourceTree = "<group>"; };
		7CF450962C56568C00FEE9AA /* ContentView.swift */ = {isa = PBXFileReference; lastKnownFileType = sourcecode.swift; path = ContentView.swift; sourceTree = "<group>"; };
		7CF450982C56568F00FEE9AA /* Assets.xcassets */ = {isa = PBXFileReference; lastKnownFileType = folder.assetcatalog; path = Assets.xcassets; sourceTree = "<group>"; };
		7CF4509B2C56568F00FEE9AA /* Preview Assets.xcassets */ = {isa = PBXFileReference; lastKnownFileType = folder.assetcatalog; path = "Preview Assets.xcassets"; sourceTree = "<group>"; };
		7CF450A32C57058300FEE9AA /* Location.swift */ = {isa = PBXFileReference; lastKnownFileType = sourcecode.swift; path = Location.swift; sourceTree = "<group>"; };
		7CF450A52C5706B100FEE9AA /* Weather.swift */ = {isa = PBXFileReference; lastKnownFileType = sourcecode.swift; path = Weather.swift; sourceTree = "<group>"; };
		7CF450A82C57088300FEE9AA /* ApiEndpoint.swift */ = {isa = PBXFileReference; lastKnownFileType = sourcecode.swift; path = ApiEndpoint.swift; sourceTree = "<group>"; };
		7CF450B42C570F5200FEE9AA /* Constants.swift */ = {isa = PBXFileReference; lastKnownFileType = sourcecode.swift; path = Constants.swift; sourceTree = SOURCE_ROOT; };
		7CF450B62C573D3E00FEE9AA /* GeocodingCilent.swift */ = {isa = PBXFileReference; lastKnownFileType = sourcecode.swift; path = GeocodingCilent.swift; sourceTree = "<group>"; };
		7CF450B82C5753D900FEE9AA /* WeatherClient.swift */ = {isa = PBXFileReference; lastKnownFileType = sourcecode.swift; path = WeatherClient.swift; sourceTree = "<group>"; };
		7CF450BB2C58720100FEE9AA /* MeasurementFormatter+Extentions.swift */ = {isa = PBXFileReference; lastKnownFileType = sourcecode.swift; path = "MeasurementFormatter+Extentions.swift"; sourceTree = "<group>"; };
/* End PBXFileReference section */

/* Begin PBXFrameworksBuildPhase section */
		7CF4508E2C56568C00FEE9AA /* Frameworks */ = {
			isa = PBXFrameworksBuildPhase;
			buildActionMask = 2147483647;
			files = (
			);
			runOnlyForDeploymentPostprocessing = 0;
		};
/* End PBXFrameworksBuildPhase section */

/* Begin PBXGroup section */
		7CF450882C56568C00FEE9AA = {
			isa = PBXGroup;
			children = (
				7CF450922C56568C00FEE9AA /* Products */,
				7CF450932C56568C00FEE9AA /* weatherApp */,
			);
			sourceTree = "<group>";
		};
		7CF450922C56568C00FEE9AA /* Products */ = {
			isa = PBXGroup;
			children = (
				7CF450912C56568C00FEE9AA /* weatherApp.app */,
			);
			name = Products;
			sourceTree = "<group>";
		};
		7CF450932C56568C00FEE9AA /* weatherApp */ = {
			isa = PBXGroup;
			children = (
				7CF450BA2C5871D400FEE9AA /* Extentions */,
				7CF450AB2C570A6900FEE9AA /* Utilities */,
				7CF450A72C57086A00FEE9AA /* Clients */,
				7CF450A22C57053A00FEE9AA /* Models */,
				7CF450942C56568C00FEE9AA /* weatherAppApp.swift */,
				7CF450962C56568C00FEE9AA /* ContentView.swift */,
				7CF450982C56568F00FEE9AA /* Assets.xcassets */,
				7CF4509A2C56568F00FEE9AA /* Preview Content */,
			);
			path = weatherApp;
			sourceTree = "<group>";
		};
		7CF4509A2C56568F00FEE9AA /* Preview Content */ = {
			isa = PBXGroup;
			children = (
				7CF4509B2C56568F00FEE9AA /* Preview Assets.xcassets */,
			);
			path = "Preview Content";
			sourceTree = "<group>";
		};
		7CF450A22C57053A00FEE9AA /* Models */ = {
			isa = PBXGroup;
			children = (
				7CF450A32C57058300FEE9AA /* Location.swift */,
				7CF450A52C5706B100FEE9AA /* Weather.swift */,
			);
			path = Models;
			sourceTree = "<group>";
		};
		7CF450A72C57086A00FEE9AA /* Clients */ = {
			isa = PBXGroup;
			children = (
				7CF450A82C57088300FEE9AA /* ApiEndpoint.swift */,
				7CF450B62C573D3E00FEE9AA /* GeocodingCilent.swift */,
				7CF450B82C5753D900FEE9AA /* WeatherClient.swift */,
			);
			path = Clients;
			sourceTree = "<group>";
		};
		7CF450AB2C570A6900FEE9AA /* Utilities */ = {
			isa = PBXGroup;
			children = (
				7CF450B42C570F5200FEE9AA /* Constants.swift */,
			);
			path = Utilities;
			sourceTree = "<group>";
		};
		7CF450BA2C5871D400FEE9AA /* Extentions */ = {
			isa = PBXGroup;
			children = (
				7CF450BB2C58720100FEE9AA /* MeasurementFormatter+Extentions.swift */,
			);
			path = Extentions;
			sourceTree = "<group>";
		};
/* End PBXGroup section */

/* Begin PBXNativeTarget section */
		7CF450902C56568C00FEE9AA /* weatherApp */ = {
			isa = PBXNativeTarget;
			buildConfigurationList = 7CF4509F2C56568F00FEE9AA /* Build configuration list for PBXNativeTarget "weatherApp" */;
			buildPhases = (
				7CF4508D2C56568C00FEE9AA /* Sources */,
				7CF4508E2C56568C00FEE9AA /* Frameworks */,
				7CF4508F2C56568C00FEE9AA /* Resources */,
			);
			buildRules = (
			);
			dependencies = (
			);
			name = weatherApp;
			productName = weatherApp;
			productReference = 7CF450912C56568C00FEE9AA /* weatherApp.app */;
			productType = "com.apple.product-type.application";
		};
/* End PBXNativeTarget section */

/* Begin PBXProject section */
		7CF450892C56568C00FEE9AA /* Project object */ = {
			isa = PBXProject;
			attributes = {
				BuildIndependentTargetsInParallel = 1;
				LastSwiftUpdateCheck = 1540;
				LastUpgradeCheck = 1540;
				TargetAttributes = {
					7CF450902C56568C00FEE9AA = {
						CreatedOnToolsVersion = 15.4;
					};
				};
			};
			buildConfigurationList = 7CF4508C2C56568C00FEE9AA /* Build configuration list for PBXProject "weatherApp" */;
			compatibilityVersion = "Xcode 14.0";
			developmentRegion = en;
			hasScannedForEncodings = 0;
			knownRegions = (
				en,
				Base,
			);
			mainGroup = 7CF450882C56568C00FEE9AA;
			productRefGroup = 7CF450922C56568C00FEE9AA /* Products */;
			projectDirPath = "";
			projectRoot = "";
			targets = (
				7CF450902C56568C00FEE9AA /* weatherApp */,
			);
		};
/* End PBXProject section */

/* Begin PBXResourcesBuildPhase section */
		7CF4508F2C56568C00FEE9AA /* Resources */ = {
			isa = PBXResourcesBuildPhase;
			buildActionMask = 2147483647;
			files = (
				7CF4509C2C56568F00FEE9AA /* Preview Assets.xcassets in Resources */,
				7CF450992C56568F00FEE9AA /* Assets.xcassets in Resources */,
			);
			runOnlyForDeploymentPostprocessing = 0;
		};
/* End PBXResourcesBuildPhase section */

/* Begin PBXSourcesBuildPhase section */
		7CF4508D2C56568C00FEE9AA /* Sources */ = {
			isa = PBXSourcesBuildPhase;
			buildActionMask = 2147483647;
			files = (
				7CF450B72C573D3E00FEE9AA /* GeocodingCilent.swift in Sources */,
				7CF450A92C57088300FEE9AA /* ApiEndpoint.swift in Sources */,
				7CF450A62C5706B100FEE9AA /* Weather.swift in Sources */,
				7CF450BC2C58720100FEE9AA /* MeasurementFormatter+Extentions.swift in Sources */,
				7CF450972C56568C00FEE9AA /* ContentView.swift in Sources */,
				7CF450A42C57058300FEE9AA /* Location.swift in Sources */,
				7CF450B92C5753D900FEE9AA /* WeatherClient.swift in Sources */,
				7CF450952C56568C00FEE9AA /* weatherAppApp.swift in Sources */,
				7CF450B52C570F5200FEE9AA /* Constants.swift in Sources */,
			);
			runOnlyForDeploymentPostprocessing = 0;
		};
/* End PBXSourcesBuildPhase section */

/* Begin XCBuildConfiguration section */
		7CF4509D2C56568F00FEE9AA /* Debug */ = {
			isa = XCBuildConfiguration;
			buildSettings = {
				ALWAYS_SEARCH_USER_PATHS = NO;
				ASSETCATALOG_COMPILER_GENERATE_SWIFT_ASSET_SYMBOL_EXTENSIONS = YES;
				CLANG_ANALYZER_NONNULL = YES;
				CLANG_ANALYZER_NUMBER_OBJECT_CONVERSION = YES_AGGRESSIVE;
				CLANG_CXX_LANGUAGE_STANDARD = "gnu++20";
				CLANG_ENABLE_MODULES = YES;
				CLANG_ENABLE_OBJC_ARC = YES;
				CLANG_ENABLE_OBJC_WEAK = YES;
				CLANG_WARN_BLOCK_CAPTURE_AUTORELEASING = YES;
				CLANG_WARN_BOOL_CONVERSION = YES;
				CLANG_WARN_COMMA = YES;
				CLANG_WARN_CONSTANT_CONVERSION = YES;
				CLANG_WARN_DEPRECATED_OBJC_IMPLEMENTATIONS = YES;
				CLANG_WARN_DIRECT_OBJC_ISA_USAGE = YES_ERROR;
				CLANG_WARN_DOCUMENTATION_COMMENTS = YES;
				CLANG_WARN_EMPTY_BODY = YES;
				CLANG_WARN_ENUM_CONVERSION = YES;
				CLANG_WARN_INFINITE_RECURSION = YES;
				CLANG_WARN_INT_CONVERSION = YES;
				CLANG_WARN_NON_LITERAL_NULL_CONVERSION = YES;
				CLANG_WARN_OBJC_IMPLICIT_RETAIN_SELF = YES;
				CLANG_WARN_OBJC_LITERAL_CONVERSION = YES;
				CLANG_WARN_OBJC_ROOT_CLASS = YES_ERROR;
				CLANG_WARN_QUOTED_INCLUDE_IN_FRAMEWORK_HEADER = YES;
				CLANG_WARN_RANGE_LOOP_ANALYSIS = YES;
				CLANG_WARN_STRICT_PROTOTYPES = YES;
				CLANG_WARN_SUSPICIOUS_MOVE = YES;
				CLANG_WARN_UNGUARDED_AVAILABILITY = YES_AGGRESSIVE;
				CLANG_WARN_UNREACHABLE_CODE = YES;
				CLANG_WARN__DUPLICATE_METHOD_MATCH = YES;
				COPY_PHASE_STRIP = NO;
				DEBUG_INFORMATION_FORMAT = dwarf;
				ENABLE_STRICT_OBJC_MSGSEND = YES;
				ENABLE_TESTABILITY = YES;
				ENABLE_USER_SCRIPT_SANDBOXING = YES;
				GCC_C_LANGUAGE_STANDARD = gnu17;
				GCC_DYNAMIC_NO_PIC = NO;
				GCC_NO_COMMON_BLOCKS = YES;
				GCC_OPTIMIZATION_LEVEL = 0;
				GCC_PREPROCESSOR_DEFINITIONS = (
					"DEBUG=1",
					"$(inherited)",
				);
				GCC_WARN_64_TO_32_BIT_CONVERSION = YES;
				GCC_WARN_ABOUT_RETURN_TYPE = YES_ERROR;
				GCC_WARN_UNDECLARED_SELECTOR = YES;
				GCC_WARN_UNINITIALIZED_AUTOS = YES_AGGRESSIVE;
				GCC_WARN_UNUSED_FUNCTION = YES;
				GCC_WARN_UNUSED_VARIABLE = YES;
				IPHONEOS_DEPLOYMENT_TARGET = 17.5;
				LOCALIZATION_PREFERS_STRING_CATALOGS = YES;
				MTL_ENABLE_DEBUG_INFO = INCLUDE_SOURCE;
				MTL_FAST_MATH = YES;
				ONLY_ACTIVE_ARCH = YES;
				SDKROOT = iphoneos;
				SWIFT_ACTIVE_COMPILATION_CONDITIONS = "DEBUG $(inherited)";
				SWIFT_OPTIMIZATION_LEVEL = "-Onone";
			};
			name = Debug;
		};
		7CF4509E2C56568F00FEE9AA /* Release */ = {
			isa = XCBuildConfiguration;
			buildSettings = {
				ALWAYS_SEARCH_USER_PATHS = NO;
				ASSETCATALOG_COMPILER_GENERATE_SWIFT_ASSET_SYMBOL_EXTENSIONS = YES;
				CLANG_ANALYZER_NONNULL = YES;
				CLANG_ANALYZER_NUMBER_OBJECT_CONVERSION = YES_AGGRESSIVE;
				CLANG_CXX_LANGUAGE_STANDARD = "gnu++20";
				CLANG_ENABLE_MODULES = YES;
				CLANG_ENABLE_OBJC_ARC = YES;
				CLANG_ENABLE_OBJC_WEAK = YES;
				CLANG_WARN_BLOCK_CAPTURE_AUTORELEASING = YES;
				CLANG_WARN_BOOL_CONVERSION = YES;
				CLANG_WARN_COMMA = YES;
				CLANG_WARN_CONSTANT_CONVERSION = YES;
				CLANG_WARN_DEPRECATED_OBJC_IMPLEMENTATIONS = YES;
				CLANG_WARN_DIRECT_OBJC_ISA_USAGE = YES_ERROR;
				CLANG_WARN_DOCUMENTATION_COMMENTS = YES;
				CLANG_WARN_EMPTY_BODY = YES;
				CLANG_WARN_ENUM_CONVERSION = YES;
				CLANG_WARN_INFINITE_RECURSION = YES;
				CLANG_WARN_INT_CONVERSION = YES;
				CLANG_WARN_NON_LITERAL_NULL_CONVERSION = YES;
				CLANG_WARN_OBJC_IMPLICIT_RETAIN_SELF = YES;
				CLANG_WARN_OBJC_LITERAL_CONVERSION = YES;
				CLANG_WARN_OBJC_ROOT_CLASS = YES_ERROR;
				CLANG_WARN_QUOTED_INCLUDE_IN_FRAMEWORK_HEADER = YES;
				CLANG_WARN_RANGE_LOOP_ANALYSIS = YES;
				CLANG_WARN_STRICT_PROTOTYPES = YES;
				CLANG_WARN_SUSPICIOUS_MOVE = YES;
				CLANG_WARN_UNGUARDED_AVAILABILITY = YES_AGGRESSIVE;
				CLANG_WARN_UNREACHABLE_CODE = YES;
				CLANG_WARN__DUPLICATE_METHOD_MATCH = YES;
				COPY_PHASE_STRIP = NO;
				DEBUG_INFORMATION_FORMAT = "dwarf-with-dsym";
				ENABLE_NS_ASSERTIONS = NO;
				ENABLE_STRICT_OBJC_MSGSEND = YES;
				ENABLE_USER_SCRIPT_SANDBOXING = YES;
				GCC_C_LANGUAGE_STANDARD = gnu17;
				GCC_NO_COMMON_BLOCKS = YES;
				GCC_WARN_64_TO_32_BIT_CONVERSION = YES;
				GCC_WARN_ABOUT_RETURN_TYPE = YES_ERROR;
				GCC_WARN_UNDECLARED_SELECTOR = YES;
				GCC_WARN_UNINITIALIZED_AUTOS = YES_AGGRESSIVE;
				GCC_WARN_UNUSED_FUNCTION = YES;
				GCC_WARN_UNUSED_VARIABLE = YES;
				IPHONEOS_DEPLOYMENT_TARGET = 17.5;
				LOCALIZATION_PREFERS_STRING_CATALOGS = YES;
				MTL_ENABLE_DEBUG_INFO = NO;
				MTL_FAST_MATH = YES;
				SDKROOT = iphoneos;
				SWIFT_COMPILATION_MODE = wholemodule;
				VALIDATE_PRODUCT = YES;
			};
			name = Release;
		};
		7CF450A02C56568F00FEE9AA /* Debug */ = {
			isa = XCBuildConfiguration;
			buildSettings = {
				ASSETCATALOG_COMPILER_APPICON_NAME = AppIcon;
				ASSETCATALOG_COMPILER_GLOBAL_ACCENT_COLOR_NAME = AccentColor;
				CODE_SIGN_STYLE = Automatic;
				CURRENT_PROJECT_VERSION = 1;
				DEVELOPMENT_ASSET_PATHS = "\"weatherApp/Preview Content\"";
				DEVELOPMENT_TEAM = G3TMK8KB93;
				ENABLE_PREVIEWS = YES;
				GENERATE_INFOPLIST_FILE = YES;
				INFOPLIST_KEY_UIApplicationSceneManifest_Generation = YES;
				INFOPLIST_KEY_UIApplicationSupportsIndirectInputEvents = YES;
				INFOPLIST_KEY_UILaunchScreen_Generation = YES;
				INFOPLIST_KEY_UISupportedInterfaceOrientations_iPad = "UIInterfaceOrientationPortrait UIInterfaceOrientationPortraitUpsideDown UIInterfaceOrientationLandscapeLeft UIInterfaceOrientationLandscapeRight";
				INFOPLIST_KEY_UISupportedInterfaceOrientations_iPhone = "UIInterfaceOrientationPortrait UIInterfaceOrientationLandscapeLeft UIInterfaceOrientationLandscapeRight";
				LD_RUNPATH_SEARCH_PATHS = (
					"$(inherited)",
					"@executable_path/Frameworks",
				);
				MARKETING_VERSION = 1.0;
				PRODUCT_BUNDLE_IDENTIFIER = com.ehsanApp.weatherApp;
				PRODUCT_NAME = "$(TARGET_NAME)";
				SWIFT_EMIT_LOC_STRINGS = YES;
				SWIFT_VERSION = 5.0;
				TARGETED_DEVICE_FAMILY = "1,2";
			};
			name = Debug;
		};
		7CF450A12C56568F00FEE9AA /* Release */ = {
			isa = XCBuildConfiguration;
			buildSettings = {
				ASSETCATALOG_COMPILER_APPICON_NAME = AppIcon;
				ASSETCATALOG_COMPILER_GLOBAL_ACCENT_COLOR_NAME = AccentColor;
				CODE_SIGN_STYLE = Automatic;
				CURRENT_PROJECT_VERSION = 1;
				DEVELOPMENT_ASSET_PATHS = "\"weatherApp/Preview Content\"";
				DEVELOPMENT_TEAM = G3TMK8KB93;
				ENABLE_PREVIEWS = YES;
				GENERATE_INFOPLIST_FILE = YES;
				INFOPLIST_KEY_UIApplicationSceneManifest_Generation = YES;
				INFOPLIST_KEY_UIApplicationSupportsIndirectInputEvents = YES;
				INFOPLIST_KEY_UILaunchScreen_Generation = YES;
				INFOPLIST_KEY_UISupportedInterfaceOrientations_iPad = "UIInterfaceOrientationPortrait UIInterfaceOrientationPortraitUpsideDown UIInterfaceOrientationLandscapeLeft UIInterfaceOrientationLandscapeRight";
				INFOPLIST_KEY_UISupportedInterfaceOrientations_iPhone = "UIInterfaceOrientationPortrait UIInterfaceOrientationLandscapeLeft UIInterfaceOrientationLandscapeRight";
				LD_RUNPATH_SEARCH_PATHS = (
					"$(inherited)",
					"@executable_path/Frameworks",
				);
				MARKETING_VERSION = 1.0;
				PRODUCT_BUNDLE_IDENTIFIER = com.ehsanApp.weatherApp;
				PRODUCT_NAME = "$(TARGET_NAME)";
				SWIFT_EMIT_LOC_STRINGS = YES;
				SWIFT_VERSION = 5.0;
				TARGETED_DEVICE_FAMILY = "1,2";
			};
			name = Release;
		};
/* End XCBuildConfiguration section */

/* Begin XCConfigurationList section */
		7CF4508C2C56568C00FEE9AA /* Build configuration list for PBXProject "weatherApp" */ = {
			isa = XCConfigurationList;
			buildConfigurations = (
				7CF4509D2C56568F00FEE9AA /* Debug */,
				7CF4509E2C56568F00FEE9AA /* Release */,
			);
			defaultConfigurationIsVisible = 0;
			defaultConfigurationName = Release;
		};
		7CF4509F2C56568F00FEE9AA /* Build configuration list for PBXNativeTarget "weatherApp" */ = {
			isa = XCConfigurationList;
			buildConfigurations = (
				7CF450A02C56568F00FEE9AA /* Debug */,
				7CF450A12C56568F00FEE9AA /* Release */,
			);
			defaultConfigurationIsVisible = 0;
			defaultConfigurationName = Release;
		};
/* End XCConfigurationList section */
	};
	rootObject = 7CF450892C56568C00FEE9AA /* Project object */;
}
